// !$*UTF8*$!
{
	archiveVersion = 1;
	classes = {
	};
	objectVersion = 46;
	objects = {

/* Begin PBXBuildFile section */
		124B1D19197803AC4A686013 /* Pods_WeatherMe.framework in Frameworks */ = {isa = PBXBuildFile; fileRef = D5184DFCB243DC8AAC112330 /* Pods_WeatherMe.framework */; };
		AB7B1CB71D0DE15200A8E3CB /* WeatherInstance.swift in Sources */ = {isa = PBXBuildFile; fileRef = AB7B1CB61D0DE15200A8E3CB /* WeatherInstance.swift */; };
		AB7B1CB91D0DE94C00A8E3CB /* Constants.swift in Sources */ = {isa = PBXBuildFile; fileRef = AB7B1CB81D0DE94C00A8E3CB /* Constants.swift */; };
		AB7B1CBB1D0EE86F00A8E3CB /* WeatherDetails.swift in Sources */ = {isa = PBXBuildFile; fileRef = AB7B1CBA1D0EE86F00A8E3CB /* WeatherDetails.swift */; };
		AB7B1CBF1D1037F900A8E3CB /* NSDateExtension.swift in Sources */ = {isa = PBXBuildFile; fileRef = AB7B1CBE1D1037F900A8E3CB /* NSDateExtension.swift */; };
		AB7B1CC11D10BFFC00A8E3CB /* InfoVC.swift in Sources */ = {isa = PBXBuildFile; fileRef = AB7B1CC01D10BFFC00A8E3CB /* InfoVC.swift */; };
		ABC4243A1D0D104D00FB5942 /* AppDelegate.swift in Sources */ = {isa = PBXBuildFile; fileRef = ABC424391D0D104D00FB5942 /* AppDelegate.swift */; };
		ABC4243C1D0D104D00FB5942 /* ViewController.swift in Sources */ = {isa = PBXBuildFile; fileRef = ABC4243B1D0D104D00FB5942 /* ViewController.swift */; };
		ABC4243F1D0D104D00FB5942 /* Main.storyboard in Resources */ = {isa = PBXBuildFile; fileRef = ABC4243D1D0D104D00FB5942 /* Main.storyboard */; };
		ABC424411D0D104D00FB5942 /* Assets.xcassets in Resources */ = {isa = PBXBuildFile; fileRef = ABC424401D0D104D00FB5942 /* Assets.xcassets */; };
		ABC424441D0D104D00FB5942 /* LaunchScreen.storyboard in Resources */ = {isa = PBXBuildFile; fileRef = ABC424421D0D104D00FB5942 /* LaunchScreen.storyboard */; };
		ABC4244E1D0D187000FB5942 /* BebasNeue.ttf in Resources */ = {isa = PBXBuildFile; fileRef = ABC4244D1D0D187000FB5942 /* BebasNeue.ttf */; };
/* End PBXBuildFile section */

/* Begin PBXFileReference section */
		217756126DF4E96A9EA18429 /* Pods-WeatherMe.release.xcconfig */ = {isa = PBXFileReference; includeInIndex = 1; lastKnownFileType = text.xcconfig; name = "Pods-WeatherMe.release.xcconfig"; path = "Pods/Target Support Files/Pods-WeatherMe/Pods-WeatherMe.release.xcconfig"; sourceTree = "<group>"; };
		7B1151BCD3399057F4697E50 /* Pods-WeatherMe.debug.xcconfig */ = {isa = PBXFileReference; includeInIndex = 1; lastKnownFileType = text.xcconfig; name = "Pods-WeatherMe.debug.xcconfig"; path = "Pods/Target Support Files/Pods-WeatherMe/Pods-WeatherMe.debug.xcconfig"; sourceTree = "<group>"; };
		AB7B1CB61D0DE15200A8E3CB /* WeatherInstance.swift */ = {isa = PBXFileReference; fileEncoding = 4; lastKnownFileType = sourcecode.swift; path = WeatherInstance.swift; sourceTree = "<group>"; };
		AB7B1CB81D0DE94C00A8E3CB /* Constants.swift */ = {isa = PBXFileReference; fileEncoding = 4; lastKnownFileType = sourcecode.swift; path = Constants.swift; sourceTree = "<group>"; };
		AB7B1CBA1D0EE86F00A8E3CB /* WeatherDetails.swift */ = {isa = PBXFileReference; fileEncoding = 4; lastKnownFileType = sourcecode.swift; path = WeatherDetails.swift; sourceTree = "<group>"; };
		AB7B1CBE1D1037F900A8E3CB /* NSDateExtension.swift */ = {isa = PBXFileReference; fileEncoding = 4; lastKnownFileType = sourcecode.swift; path = NSDateExtension.swift; sourceTree = "<group>"; };
		AB7B1CC01D10BFFC00A8E3CB /* InfoVC.swift */ = {isa = PBXFileReference; fileEncoding = 4; lastKnownFileType = sourcecode.swift; path = InfoVC.swift; sourceTree = "<group>"; };
		ABC424361D0D104D00FB5942 /* WeatherMe.app */ = {isa = PBXFileReference; explicitFileType = wrapper.application; includeInIndex = 0; path = WeatherMe.app; sourceTree = BUILT_PRODUCTS_DIR; };
		ABC424391D0D104D00FB5942 /* AppDelegate.swift */ = {isa = PBXFileReference; lastKnownFileType = sourcecode.swift; path = AppDelegate.swift; sourceTree = "<group>"; };
		ABC4243B1D0D104D00FB5942 /* ViewController.swift */ = {isa = PBXFileReference; lastKnownFileType = sourcecode.swift; path = ViewController.swift; sourceTree = "<group>"; };
		ABC4243E1D0D104D00FB5942 /* Base */ = {isa = PBXFileReference; lastKnownFileType = file.storyboard; name = Base; path = Base.lproj/Main.storyboard; sourceTree = "<group>"; };
		ABC424401D0D104D00FB5942 /* Assets.xcassets */ = {isa = PBXFileReference; lastKnownFileType = folder.assetcatalog; path = Assets.xcassets; sourceTree = "<group>"; };
		ABC424431D0D104D00FB5942 /* Base */ = {isa = PBXFileReference; lastKnownFileType = file.storyboard; name = Base; path = Base.lproj/LaunchScreen.storyboard; sourceTree = "<group>"; };
		ABC424451D0D104D00FB5942 /* Info.plist */ = {isa = PBXFileReference; lastKnownFileType = text.plist.xml; path = Info.plist; sourceTree = "<group>"; };
		ABC4244D1D0D187000FB5942 /* BebasNeue.ttf */ = {isa = PBXFileReference; lastKnownFileType = file; path = BebasNeue.ttf; sourceTree = "<group>"; };
		D5184DFCB243DC8AAC112330 /* Pods_WeatherMe.framework */ = {isa = PBXFileReference; explicitFileType = wrapper.framework; includeInIndex = 0; path = Pods_WeatherMe.framework; sourceTree = BUILT_PRODUCTS_DIR; };
/* End PBXFileReference section */

/* Begin PBXFrameworksBuildPhase section */
		ABC424331D0D104D00FB5942 /* Frameworks */ = {
			isa = PBXFrameworksBuildPhase;
			buildActionMask = 2147483647;
			files = (
				124B1D19197803AC4A686013 /* Pods_WeatherMe.framework in Frameworks */,
			);
			runOnlyForDeploymentPostprocessing = 0;
		};
/* End PBXFrameworksBuildPhase section */

/* Begin PBXGroup section */
		094BD12E97563F37D5889D38 /* Pods */ = {
			isa = PBXGroup;
			children = (
				7B1151BCD3399057F4697E50 /* Pods-WeatherMe.debug.xcconfig */,
				217756126DF4E96A9EA18429 /* Pods-WeatherMe.release.xcconfig */,
			);
			name = Pods;
			sourceTree = "<group>";
		};
		117CF97A4D0E91D7FED24E28 /* Frameworks */ = {
			isa = PBXGroup;
			children = (
				D5184DFCB243DC8AAC112330 /* Pods_WeatherMe.framework */,
			);
			name = Frameworks;
			sourceTree = "<group>";
		};
		AB7B1CB21D0DE06900A8E3CB /* Utils */ = {
			isa = PBXGroup;
			children = (
				ABC4244D1D0D187000FB5942 /* BebasNeue.ttf */,
				AB7B1CB81D0DE94C00A8E3CB /* Constants.swift */,
				AB7B1CBE1D1037F900A8E3CB /* NSDateExtension.swift */,
			);
			name = Utils;
			sourceTree = "<group>";
		};
		AB7B1CB31D0DE07100A8E3CB /* Controller */ = {
			isa = PBXGroup;
			children = (
				ABC4243B1D0D104D00FB5942 /* ViewController.swift */,
				AB7B1CC01D10BFFC00A8E3CB /* InfoVC.swift */,
			);
			name = Controller;
			sourceTree = "<group>";
		};
		AB7B1CB41D0DE07B00A8E3CB /* View */ = {
			isa = PBXGroup;
			children = (
				ABC4243D1D0D104D00FB5942 /* Main.storyboard */,
				ABC424421D0D104D00FB5942 /* LaunchScreen.storyboard */,
			);
			name = View;
			sourceTree = "<group>";
		};
		AB7B1CB51D0DE08200A8E3CB /* Model */ = {
			isa = PBXGroup;
			children = (
				AB7B1CB61D0DE15200A8E3CB /* WeatherInstance.swift */,
				AB7B1CBA1D0EE86F00A8E3CB /* WeatherDetails.swift */,
			);
			name = Model;
			sourceTree = "<group>";
		};
		ABC4242D1D0D104D00FB5942 = {
			isa = PBXGroup;
			children = (
				ABC424381D0D104D00FB5942 /* WeatherMe */,
				ABC424371D0D104D00FB5942 /* Products */,
				094BD12E97563F37D5889D38 /* Pods */,
				117CF97A4D0E91D7FED24E28 /* Frameworks */,
			);
			sourceTree = "<group>";
		};
		ABC424371D0D104D00FB5942 /* Products */ = {
			isa = PBXGroup;
			children = (
				ABC424361D0D104D00FB5942 /* WeatherMe.app */,
			);
			name = Products;
			sourceTree = "<group>";
		};
		ABC424381D0D104D00FB5942 /* WeatherMe */ = {
			isa = PBXGroup;
			children = (
				AB7B1CB51D0DE08200A8E3CB /* Model */,
				AB7B1CB41D0DE07B00A8E3CB /* View */,
				AB7B1CB31D0DE07100A8E3CB /* Controller */,
				AB7B1CB21D0DE06900A8E3CB /* Utils */,
				ABC424391D0D104D00FB5942 /* AppDelegate.swift */,
				ABC424401D0D104D00FB5942 /* Assets.xcassets */,
				ABC424451D0D104D00FB5942 /* Info.plist */,
			);
			path = WeatherMe;
			sourceTree = "<group>";
		};
/* End PBXGroup section */

/* Begin PBXNativeTarget section */
		ABC424351D0D104D00FB5942 /* WeatherMe */ = {
			isa = PBXNativeTarget;
			buildConfigurationList = ABC424481D0D104D00FB5942 /* Build configuration list for PBXNativeTarget "WeatherMe" */;
			buildPhases = (
				9A43E2160878125C530EB122 /* [CP] Check Pods Manifest.lock */,
				ABC424321D0D104D00FB5942 /* Sources */,
				ABC424331D0D104D00FB5942 /* Frameworks */,
				ABC424341D0D104D00FB5942 /* Resources */,
				D9F65378BEEFC0C94FCFA135 /* [CP] Embed Pods Frameworks */,
				365563A1DBDAD1078E04DB15 /* [CP] Copy Pods Resources */,
			);
			buildRules = (
			);
			dependencies = (
			);
			name = WeatherMe;
			productName = WeatherMe;
			productReference = ABC424361D0D104D00FB5942 /* WeatherMe.app */;
			productType = "com.apple.product-type.application";
		};
/* End PBXNativeTarget section */

/* Begin PBXProject section */
		ABC4242E1D0D104D00FB5942 /* Project object */ = {
			isa = PBXProject;
			attributes = {
				LastSwiftUpdateCheck = 0730;
				LastUpgradeCheck = 0730;
				ORGANIZATIONNAME = SZLSoft;
				TargetAttributes = {
					ABC424351D0D104D00FB5942 = {
						CreatedOnToolsVersion = 7.3.1;
						DevelopmentTeam = QMDFAMC8UX;
					};
				};
			};
			buildConfigurationList = ABC424311D0D104D00FB5942 /* Build configuration list for PBXProject "WeatherMe" */;
			compatibilityVersion = "Xcode 3.2";
			developmentRegion = English;
			hasScannedForEncodings = 0;
			knownRegions = (
				en,
				Base,
			);
			mainGroup = ABC4242D1D0D104D00FB5942;
			productRefGroup = ABC424371D0D104D00FB5942 /* Products */;
			projectDirPath = "";
			projectRoot = "";
			targets = (
				ABC424351D0D104D00FB5942 /* WeatherMe */,
			);
		};
/* End PBXProject section */

/* Begin PBXResourcesBuildPhase section */
		ABC424341D0D104D00FB5942 /* Resources */ = {
			isa = PBXResourcesBuildPhase;
			buildActionMask = 2147483647;
			files = (
				ABC424441D0D104D00FB5942 /* LaunchScreen.storyboard in Resources */,
				ABC424411D0D104D00FB5942 /* Assets.xcassets in Resources */,
				ABC4243F1D0D104D00FB5942 /* Main.storyboard in Resources */,
				ABC4244E1D0D187000FB5942 /* BebasNeue.ttf in Resources */,
			);
			runOnlyForDeploymentPostprocessing = 0;
		};
/* End PBXResourcesBuildPhase section */

/* Begin PBXShellScriptBuildPhase section */
		365563A1DBDAD1078E04DB15 /* [CP] Copy Pods Resources */ = {
			isa = PBXShellScriptBuildPhase;
			buildActionMask = 2147483647;
			files = (
			);
			inputPaths = (
			);
			name = "[CP] Copy Pods Resources";
			outputPaths = (
			);
			runOnlyForDeploymentPostprocessing = 0;
			shellPath = /bin/sh;
			shellScript = "\"${SRCROOT}/Pods/Target Support Files/Pods-WeatherMe/Pods-WeatherMe-resources.sh\"\n";
			showEnvVarsInLog = 0;
		};
		9A43E2160878125C530EB122 /* [CP] Check Pods Manifest.lock */ = {
			isa = PBXShellScriptBuildPhase;
			buildActionMask = 2147483647;
			files = (
			);
			inputPaths = (
			);
			name = "[CP] Check Pods Manifest.lock";
			outputPaths = (
			);
			runOnlyForDeploymentPostprocessing = 0;
			shellPath = /bin/sh;
			shellScript = "diff \"${PODS_ROOT}/../Podfile.lock\" \"${PODS_ROOT}/Manifest.lock\" > /dev/null\nif [[ $? != 0 ]] ; then\n    cat << EOM\nerror: The sandbox is not in sync with the Podfile.lock. Run 'pod install' or update your CocoaPods installation.\nEOM\n    exit 1\nfi\n";
			showEnvVarsInLog = 0;
		};
		D9F65378BEEFC0C94FCFA135 /* [CP] Embed Pods Frameworks */ = {
			isa = PBXShellScriptBuildPhase;
			buildActionMask = 2147483647;
			files = (
			);
			inputPaths = (
			);
			name = "[CP] Embed Pods Frameworks";
			outputPaths = (
			);
			runOnlyForDeploymentPostprocessing = 0;
			shellPath = /bin/sh;
			shellScript = "\"${SRCROOT}/Pods/Target Support Files/Pods-WeatherMe/Pods-WeatherMe-frameworks.sh\"\n";
			showEnvVarsInLog = 0;
		};
/* End PBXShellScriptBuildPhase section */

/* Begin PBXSourcesBuildPhase section */
		ABC424321D0D104D00FB5942 /* Sources */ = {
			isa = PBXSourcesBuildPhase;
			buildActionMask = 2147483647;
			files = (
				AB7B1CBF1D1037F900A8E3CB /* NSDateExtension.swift in Sources */,
				ABC4243C1D0D104D00FB5942 /* ViewController.swift in Sources */,
				AB7B1CB71D0DE15200A8E3CB /* WeatherInstance.swift in Sources */,
				ABC4243A1D0D104D00FB5942 /* AppDelegate.swift in Sources */,
				AB7B1CC11D10BFFC00A8E3CB /* InfoVC.swift in Sources */,
				AB7B1CBB1D0EE86F00A8E3CB /* WeatherDetails.swift in Sources */,
				AB7B1CB91D0DE94C00A8E3CB /* Constants.swift in Sources */,
			);
			runOnlyForDeploymentPostprocessing = 0;
		};
/* End PBXSourcesBuildPhase section */

/* Begin PBXVariantGroup section */
		ABC4243D1D0D104D00FB5942 /* Main.storyboard */ = {
			isa = PBXVariantGroup;
			children = (
				ABC4243E1D0D104D00FB5942 /* Base */,
			);
			name = Main.storyboard;
			sourceTree = "<group>";
		};
		ABC424421D0D104D00FB5942 /* LaunchScreen.storyboard */ = {
			isa = PBXVariantGroup;
			children = (
				ABC424431D0D104D00FB5942 /* Base */,
			);
			name = LaunchScreen.storyboard;
			sourceTree = "<group>";
		};
/* End PBXVariantGroup section */

/* Begin XCBuildConfiguration section */
		ABC424461D0D104D00FB5942 /* Debug */ = {
			isa = XCBuildConfiguration;
			buildSettings = {
				ALWAYS_SEARCH_USER_PATHS = NO;
				CLANG_ANALYZER_NONNULL = YES;
				CLANG_CXX_LANGUAGE_STANDARD = "gnu++0x";
				CLANG_CXX_LIBRARY = "libc++";
				CLANG_ENABLE_MODULES = YES;
				CLANG_ENABLE_OBJC_ARC = YES;
				CLANG_WARN_BOOL_CONVERSION = YES;
				CLANG_WARN_CONSTANT_CONVERSION = YES;
				CLANG_WARN_DIRECT_OBJC_ISA_USAGE = YES_ERROR;
				CLANG_WARN_EMPTY_BODY = YES;
				CLANG_WARN_ENUM_CONVERSION = YES;
				CLANG_WARN_INT_CONVERSION = YES;
				CLANG_WARN_OBJC_ROOT_CLASS = YES_ERROR;
				CLANG_WARN_UNREACHABLE_CODE = YES;
				CLANG_WARN__DUPLICATE_METHOD_MATCH = YES;
				"CODE_SIGN_IDENTITY[sdk=iphoneos*]" = "iPhone Developer";
				COPY_PHASE_STRIP = NO;
				DEBUG_INFORMATION_FORMAT = dwarf;
				ENABLE_STRICT_OBJC_MSGSEND = YES;
				ENABLE_TESTABILITY = YES;
				GCC_C_LANGUAGE_STANDARD = gnu99;
				GCC_DYNAMIC_NO_PIC = NO;
				GCC_NO_COMMON_BLOCKS = YES;
				GCC_OPTIMIZATION_LEVEL = 0;
				GCC_PREPROCESSOR_DEFINITIONS = (
					"DEBUG=1",
					"$(inherited)",
				);
				GCC_WARN_64_TO_32_BIT_CONVERSION = YES;
				GCC_WARN_ABOUT_RETURN_TYPE = YES_ERROR;
				GCC_WARN_UNDECLARED_SELECTOR = YES;
				GCC_WARN_UNINITIALIZED_AUTOS = YES_AGGRESSIVE;
				GCC_WARN_UNUSED_FUNCTION = YES;
				GCC_WARN_UNUSED_VARIABLE = YES;
				IPHONEOS_DEPLOYMENT_TARGET = 9.0;
				MTL_ENABLE_DEBUG_INFO = YES;
				ONLY_ACTIVE_ARCH = YES;
				SDKROOT = iphoneos;
				SWIFT_OPTIMIZATION_LEVEL = "-Onone";
				TARGETED_DEVICE_FAMILY = "1,2";
			};
			name = Debug;
		};
		ABC424471D0D104D00FB5942 /* Release */ = {
			isa = XCBuildConfiguration;
			buildSettings = {
				ALWAYS_SEARCH_USER_PATHS = NO;
				CLANG_ANALYZER_NONNULL = YES;
				CLANG_CXX_LANGUAGE_STANDARD = "gnu++0x";
				CLANG_CXX_LIBRARY = "libc++";
				CLANG_ENABLE_MODULES = YES;
				CLANG_ENABLE_OBJC_ARC = YES;
				CLANG_WARN_BOOL_CONVERSION = YES;
				CLANG_WARN_CONSTANT_CONVERSION = YES;
				CLANG_WARN_DIRECT_OBJC_ISA_USAGE = YES_ERROR;
				CLANG_WARN_EMPTY_BODY = YES;
				CLANG_WARN_ENUM_CONVERSION = YES;
				CLANG_WARN_INT_CONVERSION = YES;
				CLANG_WARN_OBJC_ROOT_CLASS = YES_ERROR;
				CLANG_WARN_UNREACHABLE_CODE = YES;
				CLANG_WARN__DUPLICATE_METHOD_MATCH = YES;
				"CODE_SIGN_IDENTITY[sdk=iphoneos*]" = "iPhone Developer";
				COPY_PHASE_STRIP = NO;
				DEBUG_INFORMATION_FORMAT = "dwarf-with-dsym";
				ENABLE_NS_ASSERTIONS = NO;
				ENABLE_STRICT_OBJC_MSGSEND = YES;
				GCC_C_LANGUAGE_STANDARD = gnu99;
				GCC_NO_COMMON_BLOCKS = YES;
				GCC_WARN_64_TO_32_BIT_CONVERSION = YES;
				GCC_WARN_ABOUT_RETURN_TYPE = YES_ERROR;
				GCC_WARN_UNDECLARED_SELECTOR = YES;
				GCC_WARN_UNINITIALIZED_AUTOS = YES_AGGRESSIVE;
				GCC_WARN_UNUSED_FUNCTION = YES;
				GCC_WARN_UNUSED_VARIABLE = YES;
				IPHONEOS_DEPLOYMENT_TARGET = 9.0;
				MTL_ENABLE_DEBUG_INFO = NO;
				SDKROOT = iphoneos;
				TARGETED_DEVICE_FAMILY = "1,2";
				VALIDATE_PRODUCT = YES;
			};
			name = Release;
		};
		ABC424491D0D104D00FB5942 /* Debug */ = {
			isa = XCBuildConfiguration;
			baseConfigurationReference = 7B1151BCD3399057F4697E50 /* Pods-WeatherMe.debug.xcconfig */;
			buildSettings = {
				ASSETCATALOG_COMPILER_APPICON_NAME = AppIcon;
				CODE_SIGN_IDENTITY = "iPhone Developer";
				"CODE_SIGN_IDENTITY[sdk=iphoneos*]" = "iPhone Developer";
				INFOPLIST_FILE = WeatherMe/Info.plist;
				IPHONEOS_DEPLOYMENT_TARGET = 9.0;
				LD_RUNPATH_SEARCH_PATHS = "$(inherited) @executable_path/Frameworks";
				PRODUCT_BUNDLE_IDENTIFIER = com.szlsoft.WeatherMe;
				PRODUCT_NAME = "$(TARGET_NAME)";
				PROVISIONING_PROFILE = "dfc92474-e5c0-40f3-b60a-dac3b9a6b3e3";
				TARGETED_DEVICE_FAMILY = 1;
			};
			name = Debug;
		};
		ABC4244A1D0D104D00FB5942 /* Release */ = {
			isa = XCBuildConfiguration;
			baseConfigurationReference = 217756126DF4E96A9EA18429 /* Pods-WeatherMe.release.xcconfig */;
			buildSettings = {
				ASSETCATALOG_COMPILER_APPICON_NAME = AppIcon;
				CODE_SIGN_IDENTITY = "iPhone Developer";
				"CODE_SIGN_IDENTITY[sdk=iphoneos*]" = "iPhone Developer";
				INFOPLIST_FILE = WeatherMe/Info.plist;
				IPHONEOS_DEPLOYMENT_TARGET = 9.0;
				LD_RUNPATH_SEARCH_PATHS = "$(inherited) @executable_path/Frameworks";
				PRODUCT_BUNDLE_IDENTIFIER = com.szlsoft.WeatherMe;
				PRODUCT_NAME = "$(TARGET_NAME)";
				PROVISIONING_PROFILE = "dfc92474-e5c0-40f3-b60a-dac3b9a6b3e3";
				TARGETED_DEVICE_FAMILY = 1;
			};
			name = Release;
		};
/* End XCBuildConfiguration section */

/* Begin XCConfigurationList section */
		ABC424311D0D104D00FB5942 /* Build configuration list for PBXProject "WeatherMe" */ = {
			isa = XCConfigurationList;
			buildConfigurations = (
				ABC424461D0D104D00FB5942 /* Debug */,
				ABC424471D0D104D00FB5942 /* Release */,
			);
			defaultConfigurationIsVisible = 0;
			defaultConfigurationName = Release;
		};
		ABC424481D0D104D00FB5942 /* Build configuration list for PBXNativeTarget "WeatherMe" */ = {
			isa = XCConfigurationList;
			buildConfigurations = (
				ABC424491D0D104D00FB5942 /* Debug */,
				ABC4244A1D0D104D00FB5942 /* Release */,
			);
			defaultConfigurationIsVisible = 0;
			defaultConfigurationName = Release;
		};
/* End XCConfigurationList section */
	};
	rootObject = ABC4242E1D0D104D00FB5942 /* Project object */;
}
